
Microsoft Visual Studio Solution File, Format Version 12.00
# Visual Studio 2012
Project("{FAE04EC0-301F-11D3-BF4B-00C04F79EFBC}") = "SecretCommunicator.WebApi", "SecretCommunicator.WebApi\SecretCommunicator.WebApi.csproj", "{DC96EC49-131E-4A46-9040-16E43D1CC324}"
EndProject
Project("{FAE04EC0-301F-11D3-BF4B-00C04F79EFBC}") = "SecretCommunicator.Models", "SecretCommunicator.Models\SecretCommunicator.Models.csproj", "{4BEA06F3-9A84-42B6-BB77-DE9B3B4897B3}"
EndProject
Project("{2150E333-8FDC-42A3-9474-1A3956D46DE8}") = ".nuget", ".nuget", "{09486338-E2BF-41C7-AC06-2CE5848E64A0}"
	ProjectSection(SolutionItems) = preProject
		.nuget\NuGet.Config = .nuget\NuGet.Config
		.nuget\NuGet.exe = .nuget\NuGet.exe
		.nuget\NuGet.targets = .nuget\NuGet.targets
	EndProjectSection
EndProject
Project("{FAE04EC0-301F-11D3-BF4B-00C04F79EFBC}") = "SecretCommunicator.Data", "SecretCommunicator.Data\SecretCommunicator.Data.csproj", "{8B1D73B5-C35C-4275-A252-ECD317834F37}"
EndProject
Project("{FAE04EC0-301F-11D3-BF4B-00C04F79EFBC}") = "SecretCommunicator.UnitTests", "SecretCommunicator.UnitTests\SecretCommunicator.UnitTests.csproj", "{EB1646B0-AB36-4813-9000-0BE81EC50C79}"
EndProject
Global
	GlobalSection(SubversionScc) = preSolution
		Svn-Managed = True
		Manager = AnkhSVN - Subversion Support for Visual Studio
	EndGlobalSection
	GlobalSection(SolutionConfigurationPlatforms) = preSolution
		Debug|Any CPU = Debug|Any CPU
		Release|Any CPU = Release|Any CPU
	EndGlobalSection
	GlobalSection(ProjectConfigurationPlatforms) = postSolution
		{DC96EC49-131E-4A46-9040-16E43D1CC324}.Debug|Any CPU.ActiveCfg = Debug|Any CPU
		{DC96EC49-131E-4A46-9040-16E43D1CC324}.Debug|Any CPU.Build.0 = Debug|Any CPU
		{DC96EC49-131E-4A46-9040-16E43D1CC324}.Release|Any CPU.ActiveCfg = Release|Any CPU
		{DC96EC49-131E-4A46-9040-16E43D1CC324}.Release|Any CPU.Build.0 = Release|Any CPU
		{4BEA06F3-9A84-42B6-BB77-DE9B3B4897B3}.Debug|Any CPU.ActiveCfg = Debug|Any CPU
		{4BEA06F3-9A84-42B6-BB77-DE9B3B4897B3}.Debug|Any CPU.Build.0 = Debug|Any CPU
		{4BEA06F3-9A84-42B6-BB77-DE9B3B4897B3}.Release|Any CPU.ActiveCfg = Release|Any CPU
		{4BEA06F3-9A84-42B6-BB77-DE9B3B4897B3}.Release|Any CPU.Build.0 = Release|Any CPU
		{8B1D73B5-C35C-4275-A252-ECD317834F37}.Debug|Any CPU.ActiveCfg = Debug|Any CPU
		{8B1D73B5-C35C-4275-A252-ECD317834F37}.Debug|Any CPU.Build.0 = Debug|Any CPU
		{8B1D73B5-C35C-4275-A252-ECD317834F37}.Release|Any CPU.ActiveCfg = Release|Any CPU
		{8B1D73B5-C35C-4275-A252-ECD317834F37}.Release|Any CPU.Build.0 = Release|Any CPU
		{EB1646B0-AB36-4813-9000-0BE81EC50C79}.Debug|Any CPU.ActiveCfg = Debug|Any CPU
		{EB1646B0-AB36-4813-9000-0BE81EC50C79}.Debug|Any CPU.Build.0 = Debug|Any CPU
		{EB1646B0-AB36-4813-9000-0BE81EC50C79}.Release|Any CPU.ActiveCfg = Release|Any CPU
		{EB1646B0-AB36-4813-9000-0BE81EC50C79}.Release|Any CPU.Build.0 = Release|Any CPU
	EndGlobalSection
	GlobalSection(SolutionProperties) = preSolution
		HideSolutionNode = FALSE
	EndGlobalSection
EndGlobal
